lockfileVersion: '9.0'

settings:
  autoInstallPeers: true
  excludeLinksFromLockfile: false

importers:

  .:
    dependencies:
      '@heroicons/react':
        specifier: ^2.2.0
        version: 2.2.0(react@19.2.7)
      '@tailwindcss/forms':
        specifier: ^0.5.11
        version: 0.5.11(tailwindcss@4.3.3)
      react:
        specifier: ^19.2.7
        version: 19.2.7
      react-dom:
        specifier: ^19.2.7
        version: 19.2.7(react@19.2.7)
      tailwindcss:
        specifier: ^4.3.3
        version: 4.3.3
    devDependencies:
      '@headlessui/react':
        specifier: ^2.2.10
        version: 2.2.10(react-dom@19.2.7(react@19.2.7))(react@19.2.7)
      '@tailwindcss/postcss':
        specifier: ^4.3.3
        version: 4.3.3
      '@types/node':
        specifier: ^26.1.1
        version: 26.1.1
      '@types/react':
        specifier: ^19.2.17
        version: 19.2.17
      '@types/react-dom':
        specifier: ^19.2.3
        version: 19.2.3(@types/react@19.2.17)
      '@vercel/og':
        specifier: ^0.11.1
        version: 0.11.1
      next:
        specifier: ^16.2.10
        version: 16.2.10(react-dom@19.2.7(react@19.2.7))(react@19.2.7)
      postcss:
        specifier: ^8.5.20
        version: 8.5.20
      typescript:
        specifier: ^6.0.3
        version: 6.0.3

packages:

  '@alloc/quick-lru@5.2.0':
    resolution: {integrity: sha512-UrcABB+4bUrFABwbluTIBErXwvbsU/V7TZWfmbgJfbkwiBuziS9gxdODUyuiecfdGQ85jglMW6juS3+z5TsKLw==}
    engines: {node: '>=10'}

  '@emnapi/runtime@1.11.2':
    resolution: {integrity: sha512-kyOl3X0DuTiT1h2ft8r2fYO8JYtU9a9Xis/zBSiGArNaagCOWx90N1k2wxp18czFDH+OgcWGb5ZP/XMt3dcyPA==}

  '@floating-ui/core@1.8.0':
    resolution: {integrity: sha512-0CIZ5itps/8x7BG8dEIhs53BvCUH2PCoogtakwRTut+Arm58sJooJ0AuZhLw2HJYIR5cMLNPBSS728sPho2khQ==}

  '@floating-ui/dom@1.8.0':
    resolution: {integrity: sha512-yXSrzeHZBTZadLOlfyhCkJHNeLJnHRnRInwdZ40L7ZiaAtrBwoYlsDrX3v5zB1Utk7CLfzcOVnVVWoXEky7Ceg==}

  '@floating-ui/react-dom@2.1.9':
    resolution: {integrity: sha512-JDjEFGCpImxDCA7JJKviA0M9+RtmJdj0m/NVU5IMgBK+AmZouAQQ7/+2GLH0GXXY0YMw9oXPB8hKdbPYg5QLYg==}
    peerDependencies:
      react: '>=16.8.0'
      react-dom: '>=16.8.0'

  '@floating-ui/react@0.26.28':
    resolution: {integrity: sha512-yORQuuAtVpiRjpMhdc0wJj06b9JFjrYF4qp96j++v2NBpbi6SEGF7donUJ3TMieerQ6qVkAv1tgr7L4r5roTqw==}
    peerDependencies:
      react: '>=16.8.0'
      react-dom: '>=16.8.0'

  '@floating-ui/utils@0.2.12':
    resolution: {integrity: sha512-HpCo8tmWzLVad5s2d19EhAz5zqrrQ6s69qd6moPMQvkOuSwDT1YgRfWSVuc4ennqrgv3OHppiOGMQ7oC13yIww==}

  '@headlessui/react@2.2.10':
    resolution: {integrity: sha512-5pVLNK9wlpxTUTy9GpgbX/SdcRh+HBnPktjM2wbiLTH4p+2EPHBO1aoSryUCuKUIItdDWO9ITlhUL8UnUN/oIA==}
    engines: {node: '>=10'}
    peerDependencies:
      react: ^18 || ^19 || ^19.0.0-rc
      react-dom: ^18 || ^19 || ^19.0.0-rc

  '@heroicons/react@2.2.0':
    resolution: {integrity: sha512-LMcepvRaS9LYHJGsF0zzmgKCUim/X3N/DQKc4jepAXJ7l8QxJ1PmxJzqplF2Z3FE4PqBAIGyJAQ/w4B5dsqbtQ==}
    peerDependencies:
      react: '>= 16 || ^19.0.0-rc'

  '@img/colour@1.1.0':
    resolution: {integrity: sha512-Td76q7j57o/tLVdgS746cYARfSyxk8iEfRxewL9h4OMzYhbW4TAcppl0mT4eyqXddh6L/jwoM75mo7ixa/pCeQ==}
    engines: {node: '>=18'}

  '@img/sharp-darwin-arm64@0.34.5':
    resolution: {integrity: sha512-imtQ3WMJXbMY4fxb/Ndp6HBTNVtWCUI0WdobyheGf5+ad6xX8VIDO8u2xE4qc/fr08CKG/7dDseFtn6M6g/r3w==}
    engines: {node: ^18.17.0 || ^20.3.0 || >=21.0.0}
    cpu: [arm64]
    os: [darwin]

  '@img/sharp-darwin-x64@0.34.5':
    resolution: {integrity: sha512-YNEFAF/4KQ/PeW0N+r+aVVsoIY0/qxxikF2SWdp+NRkmMB7y9LBZAVqQ4yhGCm/H3H270OSykqmQMKLBhBJDEw==}
    engines: {node: ^18.17.0 || ^20.3.0 || >=21.0.0}
    cpu: [x64]
    os: [darwin]

  '@img/sharp-libvips-darwin-arm64@1.2.4':
    resolution: {integrity: sha512-zqjjo7RatFfFoP0MkQ51jfuFZBnVE2pRiaydKJ1G/rHZvnsrHAOcQALIi9sA5co5xenQdTugCvtb1cuf78Vf4g==}
    cpu: [arm64]
    os: [darwin]

  '@img/sharp-libvips-darwin-x64@1.2.4':
    resolution: {integrity: sha512-1IOd5xfVhlGwX+zXv2N93k0yMONvUlANylbJw1eTah8K/Jtpi15KC+WSiaX/nBmbm2HxRM1gZ0nSdjSsrZbGKg==}
    cpu: [x64]
    os: [darwin]

  '@img/sharp-libvips-linux-arm64@1.2.4':
    resolution: {integrity: sha512-excjX8DfsIcJ10x1Kzr4RcWe1edC9PquDRRPx3YVCvQv+U5p7Yin2s32ftzikXojb1PIFc/9Mt28/y+iRklkrw==}
    cpu: [arm64]
    os: [linux]

  '@img/sharp-libvips-linux-arm@1.2.4':
    resolution: {integrity: sha512-bFI7xcKFELdiNCVov8e44Ia4u2byA+l3XtsAj+Q8tfCwO6BQ8iDojYdvoPMqsKDkuoOo+X6HZA0s0q11ANMQ8A==}
    cpu: [arm]
    os: [linux]

  '@img/sharp-libvips-linux-ppc64@1.2.4':
    resolution: {integrity: sha512-FMuvGijLDYG6lW+b/UvyilUWu5Ayu+3r2d1S8notiGCIyYU/76eig1UfMmkZ7vwgOrzKzlQbFSuQfgm7GYUPpA==}
    cpu: [ppc64]
    os: [linux]

  '@img/sharp-libvips-linux-riscv64@1.2.4':
    resolution: {integrity: sha512-oVDbcR4zUC0ce82teubSm+x6ETixtKZBh/qbREIOcI3cULzDyb18Sr/Wcyx7NRQeQzOiHTNbZFF1UwPS2scyGA==}
    cpu: [riscv64]
    os: [linux]

  '@img/sharp-libvips-linux-s390x@1.2.4':
    resolution: {integrity: sha512-qmp9VrzgPgMoGZyPvrQHqk02uyjA0/QrTO26Tqk6l4ZV0MPWIW6LTkqOIov+J1yEu7MbFQaDpwdwJKhbJvuRxQ==}
    cpu: [s390x]
    os: [linux]

  '@img/sharp-libvips-linux-x64@1.2.4':
    resolution: {integrity: sha512-tJxiiLsmHc9Ax1bz3oaOYBURTXGIRDODBqhveVHonrHJ9/+k89qbLl0bcJns+e4t4rvaNBxaEZsFtSfAdquPrw==}
    cpu: [x64]
    os: [linux]

  '@img/sharp-libvips-linuxmusl-arm64@1.2.4':
    resolution: {integrity: sha512-FVQHuwx1IIuNow9QAbYUzJ+En8KcVm9Lk5+uGUQJHaZmMECZmOlix9HnH7n1TRkXMS0pGxIJokIVB9SuqZGGXw==}
    cpu: [arm64]
    os: [linux]

  '@img/sharp-libvips-linuxmusl-x64@1.2.4':
    resolution: {integrity: sha512-+LpyBk7L44ZIXwz/VYfglaX/okxezESc6UxDSoyo2Ks6Jxc4Y7sGjpgU9s4PMgqgjj1gZCylTieNamqA1MF7Dg==}
    cpu: [x64]
    os: [linux]

  '@img/sharp-linux-arm64@0.34.5':
    resolution: {integrity: sha512-bKQzaJRY/bkPOXyKx5EVup7qkaojECG6NLYswgktOZjaXecSAeCWiZwwiFf3/Y+O1HrauiE3FVsGxFg8c24rZg==}
    engines: {node: ^18.17.0 || ^20.3.0 || >=21.0.0}
    cpu: [arm64]
    os: [linux]

  '@img/sharp-linux-arm@0.34.5':
    resolution: {integrity: sha512-9dLqsvwtg1uuXBGZKsxem9595+ujv0sJ6Vi8wcTANSFpwV/GONat5eCkzQo/1O6zRIkh0m/8+5BjrRr7jDUSZw==}
    engines: {node: ^18.17.0 || ^20.3.0 || >=21.0.0}
    cpu: [arm]
    os: [linux]

  '@img/sharp-linux-ppc64@0.34.5':
    resolution: {integrity: sha512-7zznwNaqW6YtsfrGGDA6BRkISKAAE1Jo0QdpNYXNMHu2+0dTrPflTLNkpc8l7MUP5M16ZJcUvysVWWrMefZquA==}
    engines: {node: ^18.17.0 || ^20.3.0 || >=21.0.0}
    cpu: [ppc64]
    os: [linux]

  '@img/sharp-linux-riscv64@0.34.5':
    resolution: {integrity: sha512-51gJuLPTKa7piYPaVs8GmByo7/U7/7TZOq+cnXJIHZKavIRHAP77e3N2HEl3dgiqdD/w0yUfiJnII77PuDDFdw==}
    engines: {node: ^18.17.0 || ^20.3.0 || >=21.0.0}
    cpu: [riscv64]
    os: [linux]

  '@img/sharp-linux-s390x@0.34.5':
    resolution: {integrity: sha512-nQtCk0PdKfho3eC5MrbQoigJ2gd1CgddUMkabUj+rBevs8tZ2cULOx46E7oyX+04WGfABgIwmMC0VqieTiR4jg==}
    engines: {node: ^18.17.0 || ^20.3.0 || >=21.0.0}
    cpu: [s390x]
    os: [linux]

  '@img/sharp-linux-x64@0.34.5':
    resolution: {integrity: sha512-MEzd8HPKxVxVenwAa+JRPwEC7QFjoPWuS5NZnBt6B3pu7EG2Ge0id1oLHZpPJdn3OQK+BQDiw9zStiHBTJQQQQ==}
    engines: {node: ^18.17.0 || ^20.3.0 || >=21.0.0}
    cpu: [x64]
    os: [linux]

  '@img/sharp-linuxmusl-arm64@0.34.5':
    resolution: {integrity: sha512-fprJR6GtRsMt6Kyfq44IsChVZeGN97gTD331weR1ex1c1rypDEABN6Tm2xa1wE6lYb5DdEnk03NZPqA7Id21yg==}
    engines: {node: ^18.17.0 || ^20.3.0 || >=21.0.0}
    cpu: [arm64]
    os: [linux]

  '@img/sharp-linuxmusl-x64@0.34.5':
    resolution: {integrity: sha512-Jg8wNT1MUzIvhBFxViqrEhWDGzqymo3sV7z7ZsaWbZNDLXRJZoRGrjulp60YYtV4wfY8VIKcWidjojlLcWrd8Q==}
    engines: {node: ^18.17.0 || ^20.3.0 || >=21.0.0}
    cpu: [x64]
    os: [linux]

  '@img/sharp-wasm32@0.34.5':
    resolution: {integrity: sha512-OdWTEiVkY2PHwqkbBI8frFxQQFekHaSSkUIJkwzclWZe64O1X4UlUjqqqLaPbUpMOQk6FBu/HtlGXNblIs0huw==}
    engines: {node: ^18.17.0 || ^20.3.0 || >=21.0.0}
    cpu: [wasm32]

  '@img/sharp-win32-arm64@0.34.5':
    resolution: {integrity: sha512-WQ3AgWCWYSb2yt+IG8mnC6Jdk9Whs7O0gxphblsLvdhSpSTtmu69ZG1Gkb6NuvxsNACwiPV6cNSZNzt0KPsw7g==}
    engines: {node: ^18.17.0 || ^20.3.0 || >=21.0.0}
    cpu: [arm64]
    os: [win32]

  '@img/sharp-win32-ia32@0.34.5':
    resolution: {integrity: sha512-FV9m/7NmeCmSHDD5j4+4pNI8Cp3aW+JvLoXcTUo0IqyjSfAZJ8dIUmijx1qaJsIiU+Hosw6xM5KijAWRJCSgNg==}
    engines: {node: ^18.17.0 || ^20.3.0 || >=21.0.0}
    cpu: [ia32]
    os: [win32]

  '@img/sharp-win32-x64@0.34.5':
    resolution: {integrity: sha512-+29YMsqY2/9eFEiW93eqWnuLcWcufowXewwSNIT6UwZdUUCrM3oFjMWH/Z6/TMmb4hlFenmfAVbpWeup2jryCw==}
    engines: {node: ^18.17.0 || ^20.3.0 || >=21.0.0}
    cpu: [x64]
    os: [win32]

  '@internationalized/date@3.12.2':
    resolution: {integrity: sha512-FY1Y+H64NDs+HAF6omlnWxm3mEpfgaCSWtL5l551ZZfImA+kGjPFgrnJrGjH6lfmLL0g8Z/mBu1R3kufeCp6Jw==}

  '@internationalized/number@3.6.7':
    resolution: {integrity: sha512-3ji1fcrT+FPAK86UqEhB/psHixYo6niWPJtt7+qRaYFynt/BaJG8GhAPimtWUpEiVSTq8ZM8L5psMxGquiB/Vg==}

  '@internationalized/string@3.2.9':
    resolution: {integrity: sha512-kzP/M/mbQxODlmOt4bIQZ2SBVUWUSqMLXooXixnX7noche8WHaQcA+nwFN1K2KCF/cp+LDUhcJsCicwkvhD1pg==}

  '@jridgewell/gen-mapping@0.3.13':
    resolution: {integrity: sha512-2kkt/7niJ6MgEPxF0bYdQ6etZaA+fQvDcLKckhy1yIQOzaoKjBBjSj63/aLVjYE3qhRt5dvM+uUyfCg6UKCBbA==}

  '@jridgewell/remapping@2.3.5':
    resolution: {integrity: sha512-LI9u/+laYG4Ds1TDKSJW2YPrIlcVYOwi2fUC6xB43lueCjgxV4lffOCZCtYFiH6TNOX+tQKXx97T4IKHbhyHEQ==}

  '@jridgewell/resolve-uri@3.1.2':
    resolution: {integrity: sha512-bRISgCIjP20/tbWSPWMEi54QVPRZExkuD9lJL+UIxUKtwVJA8wW1Trb1jMs1RFXo1CBTNZ/5hpC9QvmKWdopKw==}
    engines: {node: '>=6.0.0'}

  '@jridgewell/sourcemap-codec@1.5.5':
    resolution: {integrity: sha512-cYQ9310grqxueWbl+WuIUIaiUaDcj7WOq5fVhEljNVgRfOUhY9fy2zTvfoqWsnebh8Sl70VScFbICvJnLKB0Og==}

  '@jridgewell/trace-mapping@0.3.31':
    resolution: {integrity: sha512-zzNR+SdQSDJzc8joaeP8QQoCQr8NuYx2dIIytl1QeBEZHJ9uW6hebsrYgbz8hJwUQao3TWCMtmfV8Nu1twOLAw==}

  '@next/env@16.2.10':
    resolution: {integrity: sha512-zLPxg9M0MEHmygpj5OuxjQ+vHMiy/K7cSp74G8ecYolmgUWw0RwN02tF56npup/+qaI8JB97hQgS/r2Hb6QwVA==}

  '@next/swc-darwin-arm64@16.2.10':
    resolution: {integrity: sha512-v9IdJCa0H0mbo+8z5zwUpOk1Vj7RjkcI5uNYf5Ws1y6szf/p3Mzl9hLaST8SCt6L9h8NGnruZcd2+o0NTNwDhA==}
    engines: {node: '>= 10'}
    cpu: [arm64]
    os: [darwin]

  '@next/swc-darwin-x64@16.2.10':
    resolution: {integrity: sha512-17IS0jJRViROGmA9uGdNR8VPJpfbnaVG7E9qhso5jDLkmyd0lSDORWxbcKINzcFqzZqGwGtMSnrFRxBpuUYjLQ==}
    engines: {node: '>= 10'}
    cpu: [x64]
    os: [darwin]

  '@next/swc-linux-arm64-gnu@16.2.10':
    resolution: {integrity: sha512-GRQRsRtuciNJvB54AvvuQTiq0oZtFwa1owQqtZD8wwnGpM2L39MV22kpI72YSXLKIyY40LC66EiLFv4PiicXxg==}
    engines: {node: '>= 10'}
    cpu: [arm64]
    os: [linux]

  '@next/swc-linux-arm64-musl@16.2.10':
    resolution: {integrity: sha512-zkN9MQYS7UQBro+FnISUq1itaQjXI9xqISzuQ+2bc921NcJ1x4yPCqrn77tVN6/dOOXaaWVX3k6/bR07pPwK+A==}
    engines: {node: '>= 10'}
    cpu: [arm64]
    os: [linux]

  '@next/swc-linux-x64-gnu@16.2.10':
    resolution: {integrity: sha512-iCVJnwvrPYECvA6WM/7+oo+OiTvedIKLxtCLAZP4xZR3nXa1zmzZyLPbYCmWvpd4CvMYF1EMTafd0ii3DygLvA==}
    engines: {node: '>= 10'}
    cpu: [x64]
    os: [linux]

  '@next/swc-linux-x64-musl@16.2.10':
    resolution: {integrity: sha512-ov2g4H0dHY9bPoOU83m91hWT7Iq5qy13bUnyyshLU3HGR1Ownn0X9QpmDPc5iIUaahTp7f7LeGAhV4DSFtackw==}
    engines: {node: '>= 10'}
    cpu: [x64]
    os: [linux]

  '@next/swc-win32-arm64-msvc@16.2.10':
    resolution: {integrity: sha512-DwAnhLX76HQiFFQNgWlcK+JzlnD1rZ+UK/WY0ZMI/deXpvgnesjNYrqcfo1JzBuz4Kf7o3brIBL0glI1junatA==}
    engines: {node: '>= 10'}
    cpu: [arm64]
    os: [win32]

  '@next/swc-win32-x64-msvc@16.2.10':
    resolution: {integrity: sha512-0JXq3b85Jk9Jg4ntLUbXSPvoDw3gpZou7twuKdoFG2jOw635v7+IiXfTaa0TxVMyx78pUjnrVYwLgjKfX4e6/A==}
    engines: {node: '>= 10'}
    cpu: [x64]
    os: [win32]

  '@react-aria/focus@3.22.1':
    resolution: {integrity: sha512-CPxtkyrBi/HYY5P3lE/57sQ6qfa0lN8E55TOm89H0kNGv0lKt+/0zP7lWERzBjRr5IxBVrQX4gFEowBN52LPaA==}
    peerDependencies:
      react: ^16.8.0 || ^17.0.0-rc.1 || ^18.0.0 || ^19.0.0-rc.1
      react-dom: ^16.8.0 || ^17.0.0-rc.1 || ^18.0.0 || ^19.0.0-rc.1

  '@react-aria/interactions@3.28.1':
    resolution: {integrity: sha512-Bqb+HrD5I5MHS2SKBhISYqo2SW8Y2dfzgF/Y1lIJq7xqLxheo9vzxPGEHhz+XzkgGfoqEJx8A6a3C7uiqS3HWA==}
    peerDependencies:
      react: ^16.8.0 || ^17.0.0-rc.1 || ^18.0.0 || ^19.0.0-rc.1
      react-dom: ^16.8.0 || ^17.0.0-rc.1 || ^18.0.0 || ^19.0.0-rc.1

  '@react-types/shared@3.36.0':
    resolution: {integrity: sha512-DkP/H0C2YjjS7gZWKNqOmU8a16qHPjQNdzMwmTq9SzplM6Iw0kVMTZ0OIoe6FOgGqa+FwMsE2QbPjh/n3g/jXQ==}
    peerDependencies:
      react: ^16.8.0 || ^17.0.0-rc.1 || ^18.0.0 || ^19.0.0-rc.1

  '@resvg/resvg-wasm@2.4.0':
    resolution: {integrity: sha512-C7c51Nn4yTxXFKvgh2txJFNweaVcfUPQxwEUFw4aWsCmfiBDJsTSwviIF8EcwjQ6k8bPyMWCl1vw4BdxE569Cg==}
    engines: {node: '>= 10'}

  '@shuding/opentype.js@1.4.0-beta.0':
    resolution: {integrity: sha512-3NgmNyH3l/Hv6EvsWJbsvpcpUba6R8IREQ83nH83cyakCw7uM1arZKNfHwv1Wz6jgqrF/j4x5ELvR6PnK9nTcA==}
    engines: {node: '>= 8.0.0'}
    hasBin: true

  '@swc/helpers@0.5.15':
    resolution: {integrity: sha512-JQ5TuMi45Owi4/BIMAJBoSQoOJu12oOk/gADqlcUL9JEdHB8vyjUSsxqeNXnmXHjYKMi2WcYtezGEEhqUI/E2g==}

  '@swc/helpers@0.5.23':
    resolution: {integrity: sha512-5lSsMOTXURePglDfvuAQUqkGek9Hg2kksOYay2m0+XR++b2NWYL/4sWyuvVBIs8oKnJaxkdi9whaL/sqN13afw==}

  '@tailwindcss/forms@0.5.11':
    resolution: {integrity: sha512-h9wegbZDPurxG22xZSoWtdzc41/OlNEUQERNqI/0fOwa2aVlWGu7C35E/x6LDyD3lgtztFSSjKZyuVM0hxhbgA==}
    peerDependencies:
      tailwindcss: '>=3.0.0 || >= 3.0.0-alpha.1 || >= 4.0.0-alpha.20 || >= 4.0.0-beta.1'

  '@tailwindcss/node@4.3.3':
    resolution: {integrity: sha512-/T8IKEsf9VTU6tLjgC7+sv2mOPtQxzE2jMw7u4Tt40Tx+QSZxpzh95/H6cMKoja9XuW7iMdLJYBB0o9G1CaAgg==}

  '@tailwindcss/oxide-android-arm64@4.3.3':
    resolution: {integrity: sha512-Y85A2gmPSkl5Ve5qR86GL4HT509cFqQh1aes9p3sSkyTPwt0Pppf3GkwGe4JPACcRYjgJIEhQgM6dBClnr0NYw==}
    engines: {node: '>= 20'}
    cpu: [arm64]
    os: [android]

  '@tailwindcss/oxide-darwin-arm64@4.3.3':
    resolution: {integrity: sha512-BiaWatpBcERQFDlOjRDpIVXuFK5PJez5SA4JMg6VYZdBYU+qKfV/vqjcIs+IYmtitf1xYQZTwXvU/8y4lfZUGw==}
    engines: {node: '>= 20'}
    cpu: [arm64]
    os: [darwin]

  '@tailwindcss/oxide-darwin-x64@4.3.3':
    resolution: {integrity: sha512-fAeUqfV5ndhxRwai8cXGzdLvul9utWOmeTkv69unv4ZXixjn61Z+p9lCWdwOwA3TYboG3BwdVuN/RDjhBRl0mw==}
    engines: {node: '>= 20'}
    cpu: [x64]
    os: [darwin]

  '@tailwindcss/oxide-freebsd-x64@4.3.3':
    resolution: {integrity: sha512-iyf5bV6+wnAlflVeEy7R25dupxTNECZN5QMI0qNT6eT+EgaGdZcKhGkr5SdoaWiLJ3spLqIY9VCeSGrwmtg4kw==}
    engines: {node: '>= 20'}
    cpu: [x64]
    os: [freebsd]

  '@tailwindcss/oxide-linux-arm-gnueabihf@4.3.3':
    resolution: {integrity: sha512-aAYUprJAJQWWbRrPvtjdroZ56Md+JM8pMiopS6xGEwDfLhqj+2ver2p4nU4Mb3CRqcMmNBjo8KkUgcxhkzVQGQ==}
    engines: {node: '>= 20'}
    cpu: [arm]
    os: [linux]

  '@tailwindcss/oxide-linux-arm64-gnu@4.3.3':
    resolution: {integrity: sha512-nDxldcEENOxZRzC2uu9jrutZdAAQtb+8WWDCSnWL1zvBk1+FN+x6MtDViPB5AJMfttVCUhehGWus3XBPgatM/w==}
    engines: {node: '>= 20'}
    cpu: [arm64]
    os: [linux]

  '@tailwindcss/oxide-linux-arm64-musl@4.3.3':
    resolution: {integrity: sha512-Md44bD6veX/PC5iyF8cDVnw4HBIANZepRZZ7a8DQOvkfo5WUBwcp6iAuCUz23u+4SUkhJlD3eL7hNdW8ezd/kA==}
    engines: {node: '>= 20'}
    cpu: [arm64]
    os: [linux]

  '@tailwindcss/oxide-linux-x64-gnu@4.3.3':
    resolution: {integrity: sha512-tx7us1muwOKAKWao2v/GaafFeQboE6aj88vC6ziN2NCGcRm8gWUhwjzg+YdVB1e4boAtdtma4L43onunI6NS4w==}
    engines: {node: '>= 20'}
    cpu: [x64]
    os: [linux]

  '@tailwindcss/oxide-linux-x64-musl@4.3.3':
    resolution: {integrity: sha512-SJxX60smvHgasZoBy11dX6YRjXJFovwWBoedhbQPOBzgFWBHGB+TVPWB9BxzR7TTxU8FQZAI2AyiNCMzFm8Img==}
    engines: {node: '>= 20'}
    cpu: [x64]
    os: [linux]

  '@tailwindcss/oxide-wasm32-wasi@4.3.3':
    resolution: {integrity: sha512-jx1+rPhY/5Ympkktd656HBWEBLxP7dH06losBLjjf5vgCODXvi9KhtftWcMIwTFIDqBr7cRnQkdLnAG+IOlGvQ==}
    engines: {node: '>=14.0.0'}
    cpu: [wasm32]
    bundledDependencies:
      - '@napi-rs/wasm-runtime'
      - '@emnapi/core'
      - '@emnapi/runtime'
      - '@tybys/wasm-util'
      - '@emnapi/wasi-threads'
      - tslib

  '@tailwindcss/oxide-win32-arm64-msvc@4.3.3':
    resolution: {integrity: sha512-3rc292Ca2ceK6Ulcc/bAVnTs/3nDtoPhyEKlgPv+yQJQi/JS/AMJlqzxvlDacL1nekbrcf6bTqp/jV4qgnPxNQ==}
    engines: {node: '>= 20'}
    cpu: [arm64]
    os: [win32]

  '@tailwindcss/oxide-win32-x64-msvc@4.3.3':
    resolution: {integrity: sha512-yJ0pwIVc/nYeGoV02WtsN8KYyLQv7kyI2wDnkezyJlGGjkd4QLwDGAwl47YpPJeuI0M0ObaXGSPjvWDPeTPggw==}
    engines: {node: '>= 20'}
    cpu: [x64]
    os: [win32]

  '@tailwindcss/oxide@4.3.3':
    resolution: {integrity: sha512-krXjAikiaFSPaK/FkAQT5UTx3VormQaiZ5hBFlJZ9UFQGB/rwg1MZIhHAG9smMQRTdyJxP6Qt5MwMtdyU5FWrA==}
    engines: {node: '>= 20'}

  '@tailwindcss/postcss@4.3.3':
    resolution: {integrity: sha512-JTSZZGQi1AyKirbLN3azmjVzef92tcX7h+iSqPdaeStyFpGpDlKvvpxeOE8njhbUanbRwr3z8DyzhICWnMtQeg==}

  '@tanstack/react-virtual@3.14.7':
    resolution: {integrity: sha512-11uSrj77IDijNBqizD4lY4y1laMyRrqMLSxjnWy5CvWkCjyRDW+gGmxYq0lwQKVas/sq7zyzYWXbL/BvBzR32g==}
    peerDependencies:
      react: ^16.8.0 || ^17.0.0 || ^18.0.0 || ^19.0.0
      react-dom: ^16.8.0 || ^17.0.0 || ^18.0.0 || ^19.0.0

  '@tanstack/virtual-core@3.17.5':
    resolution: {integrity: sha512-AXfBC3sq6PuYSwyxYORqqgHCNjPGAvKJvZuBBJ1klhztWBB5cgqgwsq8+fNfaQJG7/K4xYBja9S90QFn2zmQAg==}

  '@types/node@26.1.1':
    resolution: {integrity: sha512-nxAkRSVkN1Y0JC1W8ky/fTfkGsMmcrRsbx+3XoZE+rMOX71kLYTV7fLXpqud1GpbpP5TuffXFqfX7fH2GgZREw==}

  '@types/react-dom@19.2.3':
    resolution: {integrity: sha512-jp2L/eY6fn+KgVVQAOqYItbF0VY/YApe5Mz2F0aykSO8gx31bYCZyvSeYxCHKvzHG5eZjc+zyaS5BrBWya2+kQ==}
    peerDependencies:
      '@types/react': ^19.2.0

  '@types/react@19.2.17':
    resolution: {integrity: sha512-MXfmqaVPEVgkBT/aY0aGCkRWWtByiYQXo3xdQ8r5RzuFrPiRn8Gar2tQdXSUQ2GKV3bkXckek89V8wQBY2Q/Aw==}

  '@vercel/og@0.11.1':
    resolution: {integrity: sha512-02rXXRABFq1B03w3aNhcVfxkY+8Ba5QFi4ax0zS0oOiD/LL9WUd/LA7BjVPakrQmVhIBjuo2oBM5U25R9IuXMg==}
    engines: {node: '>=16'}

  aria-hidden@1.2.6:
    resolution: {integrity: sha512-ik3ZgC9dY/lYVVM++OISsaYDeg1tb0VtP5uL3ouh1koGOaUMDPpbFIei4JkFimWUFPn90sbMNMXQAIVOlnYKJA==}
    engines: {node: '>=10'}

  base64-js@0.0.8:
    resolution: {integrity: sha512-3XSA2cR/h/73EzlXXdU6YNycmYI7+kicTxks4eJg2g39biHR84slg2+des+p7iHYhbRg/udIS4TD53WabcOUkw==}
    engines: {node: '>= 0.4'}

  baseline-browser-mapping@2.10.44:
    resolution: {integrity: sha512-T3ghW+sl/ZJ8w1v/yQx3qvJ9040DWoLBz8JT/CILbAKcFyG9b2MRe75v6W5uXjv6uH1lumK2Kv46y2zSkcej0Q==}
    engines: {node: '>=6.0.0'}
    hasBin: true

  camelize@1.0.1:
    resolution: {integrity: sha512-dU+Tx2fsypxTgtLoE36npi3UqcjSSMNYfkqgmoEhtZrraP5VWq0K7FkWVTYa8eMPtnU/G2txVsfdCJTn9uzpuQ==}

  caniuse-lite@1.0.30001806:
    resolution: {integrity: sha512-72Cuvd95zbSYPKq6Fhg8eDJRlzgWDf7/mtoZv6Qe/DYNCEBdNxoA3+rZAU2ZhGCpZlns3EssFavaZomckT5Uuw==}

  client-only@0.0.1:
    resolution: {integrity: sha512-IV3Ou0jSMzZrd3pZ48nLkT9DA7Ag1pnPzaiQhpW7c3RbcqqzvzzVu+L8gfqMp/8IM2MQtSiqaCxrrcfu8I8rMA==}

  clsx@2.1.1:
    resolution: {integrity: sha512-eYm0QWBtUrBWZWG0d386OGAw16Z995PiOVo2B7bjWSbHedGl5e0ZWaq65kOGgUSNesEIDkB9ISbTg/JK9dhCZA==}
    engines: {node: '>=6'}

  color-name@1.1.4:
    resolution: {integrity: sha512-dOy+3AuW3a2wNbZHIuMZpTcgjGuLU/uBL/ubcZF9OXbDo8ff4O8yVp5Bf0efS8uEoYo5q4Fx7dY9OgQGXgAsQA==}

  css-background-parser@0.1.0:
    resolution: {integrity: sha512-2EZLisiZQ+7m4wwur/qiYJRniHX4K5Tc9w93MT3AS0WS1u5kaZ4FKXlOTBhOjc+CgEgPiGY+fX1yWD8UwpEqUA==}

  css-box-shadow@1.0.0-3:
    resolution: {integrity: sha512-9jaqR6e7Ohds+aWwmhe6wILJ99xYQbfmK9QQB9CcMjDbTxPZjwEmUQpU91OG05Xgm8BahT5fW+svbsQGjS/zPg==}

  css-color-keywords@1.0.0:
    resolution: {integrity: sha512-FyyrDHZKEjXDpNJYvVsV960FiqQyXc/LlYmsxl2BcdMb2WPx0OGRVgTg55rPSyLSNMqP52R9r8geSp7apN3Ofg==}
    engines: {node: '>=4'}

  css-gradient-parser@0.0.17:
    resolution: {integrity: sha512-w2Xy9UMMwlKtou0vlRnXvWglPAceXCTtcmVSo8ZBUvqCV5aXEFP/PC6d+I464810I9FT++UACwTD5511bmGPUg==}
    engines: {node: '>=16'}

  css-to-react-native@3.2.0:
    resolution: {integrity: sha512-e8RKaLXMOFii+02mOlqwjbD00KSEKqblnpO9e++1aXS1fPQOpS1YoqdVHBqPjHNoxeF2mimzVqawm2KCbEdtHQ==}

  csstype@3.2.3:
    resolution: {integrity: sha512-z1HGKcYy2xA8AGQfwrn0PAy+PB7X/GSj3UVJW9qKyn43xWa+gl5nXmU4qqLMRzWVLFC8KusUX8T/0kCiOYpAIQ==}

  detect-libc@2.1.2:
    resolution: {integrity: sha512-Btj2BOOO83o3WyH59e8MgXsxEQVcarkUOpEYrubB0urwnN10yQ364rsiByU11nZlqWYZm05i/of7io4mzihBtQ==}
    engines: {node: '>=8'}

  emoji-regex-xs@2.0.1:
    resolution: {integrity: sha512-1QFuh8l7LqUcKe24LsPUNzjrzJQ7pgRwp1QMcZ5MX6mFplk2zQ08NVCM84++1cveaUUYtcCYHmeFEuNg16sU4g==}
    engines: {node: '>=10.0.0'}

  enhanced-resolve@5.24.3:
    resolution: {integrity: sha512-PwKooW9JUzh5chmYfHM3IQl5OkK2u2Nm011MgeZrss3JmFraUx/fqrf78kk8GUMYoibx/14MdwTl/1WKkG7TpQ==}
    engines: {node: '>=10.13.0'}

  escape-html@1.0.3:
    resolution: {integrity: sha512-NiSupZ4OeuGwr68lGIeym/ksIZMJodUGOSCZ/FSnTxcrekbvqrgdUxlJOMpijaKZVjAJrWrGs/6Jy8OMuyj9ow==}

  fflate@0.7.5:
    resolution: {integrity: sha512-QieYf//cis6ywHNi5qW1+PXPQ4bC+XVJAtS4AXIML8P76GroEiOxm/oQtn1f02UkJY1+KsXMJcC+R2v/Eg4G3g==}

  graceful-fs@4.2.11:
    resolution: {integrity: sha512-RbJ5/jmFcNNCcDV5o9eTnBLJ/HszWV0P73bc+Ff4nS/rJj+YaS6IGyiOL0VoBYX+l1Wrl3k63h/KrH+nhJ0XvQ==}

  hex-rgb@4.3.0:
    resolution: {integrity: sha512-Ox1pJVrDCyGHMG9CFg1tmrRUMRPRsAWYc/PinY0XzJU4K7y7vjNoLKIQ7BR5UJMCxNN8EM1MNDmHWA/B3aZUuw==}
    engines: {node: '>=6'}

  jiti@2.7.0:
    resolution: {integrity: sha512-AC/7JofJvZGrrneWNaEnJeOLUx+JlGt7tNa0wZiRPT4MY1wmfKjt2+6O2p2uz2+skll8OZZmJMNqeke7kKbNgQ==}
    hasBin: true

  lightningcss-android-arm64@1.32.0:
    resolution: {integrity: sha512-YK7/ClTt4kAK0vo6w3X+Pnm0D2cf2vPHbhOXdoNti1Ga0al1P4TBZhwjATvjNwLEBCnKvjJc2jQgHXH0NEwlAg==}
    engines: {node: '>= 12.0.0'}
    cpu: [arm64]
    os: [android]

  lightningcss-darwin-arm64@1.32.0:
    resolution: {integrity: sha512-RzeG9Ju5bag2Bv1/lwlVJvBE3q6TtXskdZLLCyfg5pt+HLz9BqlICO7LZM7VHNTTn/5PRhHFBSjk5lc4cmscPQ==}
    engines: {node: '>= 12.0.0'}
    cpu: [arm64]
    os: [darwin]

  lightningcss-darwin-x64@1.32.0:
    resolution: {integrity: sha512-U+QsBp2m/s2wqpUYT/6wnlagdZbtZdndSmut/NJqlCcMLTWp5muCrID+K5UJ6jqD2BFshejCYXniPDbNh73V8w==}
    engines: {node: '>= 12.0.0'}
    cpu: [x64]
    os: [darwin]

  lightningcss-freebsd-x64@1.32.0:
    resolution: {integrity: sha512-JCTigedEksZk3tHTTthnMdVfGf61Fky8Ji2E4YjUTEQX14xiy/lTzXnu1vwiZe3bYe0q+SpsSH/CTeDXK6WHig==}
    engines: {node: '>= 12.0.0'}
    cpu: [x64]
    os: [freebsd]

  lightningcss-linux-arm-gnueabihf@1.32.0:
    resolution: {integrity: sha512-x6rnnpRa2GL0zQOkt6rts3YDPzduLpWvwAF6EMhXFVZXD4tPrBkEFqzGowzCsIWsPjqSK+tyNEODUBXeeVHSkw==}
    engines: {node: '>= 12.0.0'}
    cpu: [arm]
    os: [linux]

  lightningcss-linux-arm64-gnu@1.32.0:
    resolution: {integrity: sha512-0nnMyoyOLRJXfbMOilaSRcLH3Jw5z9HDNGfT/gwCPgaDjnx0i8w7vBzFLFR1f6CMLKF8gVbebmkUN3fa/kQJpQ==}
    engines: {node: '>= 12.0.0'}
    cpu: [arm64]
    os: [linux]

  lightningcss-linux-arm64-musl@1.32.0:
    resolution: {integrity: sha512-UpQkoenr4UJEzgVIYpI80lDFvRmPVg6oqboNHfoH4CQIfNA+HOrZ7Mo7KZP02dC6LjghPQJeBsvXhJod/wnIBg==}
    engines: {node: '>= 12.0.0'}
    cpu: [arm64]
    os: [linux]

  lightningcss-linux-x64-gnu@1.32.0:
    resolution: {integrity: sha512-V7Qr52IhZmdKPVr+Vtw8o+WLsQJYCTd8loIfpDaMRWGUZfBOYEJeyJIkqGIDMZPwPx24pUMfwSxxI8phr/MbOA==}
    engines: {node: '>= 12.0.0'}
    cpu: [x64]
    os: [linux]

  lightningcss-linux-x64-musl@1.32.0:
    resolution: {integrity: sha512-bYcLp+Vb0awsiXg/80uCRezCYHNg1/l3mt0gzHnWV9XP1W5sKa5/TCdGWaR/zBM2PeF/HbsQv/j2URNOiVuxWg==}
    engines: {node: '>= 12.0.0'}
    cpu: [x64]
    os: [linux]

  lightningcss-win32-arm64-msvc@1.32.0:
    resolution: {integrity: sha512-8SbC8BR40pS6baCM8sbtYDSwEVQd4JlFTOlaD3gWGHfThTcABnNDBda6eTZeqbofalIJhFx0qKzgHJmcPTnGdw==}
    engines: {node: '>= 12.0.0'}
    cpu: [arm64]
    os: [win32]

  lightningcss-win32-x64-msvc@1.32.0:
    resolution: {integrity: sha512-Amq9B/SoZYdDi1kFrojnoqPLxYhQ4Wo5XiL8EVJrVsB8ARoC1PWW6VGtT0WKCemjy8aC+louJnjS7U18x3b06Q==}
    engines: {node: '>= 12.0.0'}
    cpu: [x64]
    os: [win32]

  lightningcss@1.32.0:
    resolution: {integrity: sha512-NXYBzinNrblfraPGyrbPoD19C1h9lfI/1mzgWYvXUTe414Gz/X1FD2XBZSZM7rRTrMA8JL3OtAaGifrIKhQ5yQ==}
    engines: {node: '>= 12.0.0'}

  linebreak@1.1.0:
    resolution: {integrity: sha512-MHp03UImeVhB7XZtjd0E4n6+3xr5Dq/9xI/5FptGk5FrbDR3zagPa2DS6U8ks/3HjbKWG9Q1M2ufOzxV2qLYSQ==}

  magic-string@0.30.21:
    resolution: {integrity: sha512-vd2F4YUyEXKGcLHoq+TEyCjxueSeHnFxyyjNp80yg0XV4vUhnDer/lvvlqM/arB5bXQN5K2/3oinyCRyx8T2CQ==}

  mini-svg-data-uri@1.4.4:
    resolution: {integrity: sha512-r9deDe9p5FJUPZAk3A59wGH7Ii9YrjjWw0jmw/liSbHl2CHiyXj6FcDXDu2K3TjVAXqiJdaw3xxwlZZr9E6nHg==}
    hasBin: true

  nanoid@3.3.16:
    resolution: {integrity: sha512-bzlKTyNJ7+LdGIIwy8ijFpIqEQIvafahV7eYykJ8Cvh42EdJeODoJ6gUJXpQJvej1BddH8OqTXZNE/KfbWAu8Q==}
    engines: {node: ^10 || ^12 || ^13.7 || ^14 || >=15.0.1}
    hasBin: true

  next@16.2.10:
    resolution: {integrity: sha512-2som5AVXb3kE6Yjine3/mNbBayYF58eguBWIVVUdr1y/L426xyVEgYxgBG+1QC34P2x5E+tcDup6XkuOAX3dCA==}
    engines: {node: '>=20.9.0'}
    hasBin: true
    peerDependencies:
      '@opentelemetry/api': ^1.1.0
      '@playwright/test': ^1.51.1
      babel-plugin-react-compiler: '*'
      react: ^18.2.0 || 19.0.0-rc-de68d2f4-20241204 || ^19.0.0
      react-dom: ^18.2.0 || 19.0.0-rc-de68d2f4-20241204 || ^19.0.0
      sass: ^1.3.0
    peerDependenciesMeta:
      '@opentelemetry/api':
        optional: true
      '@playwright/test':
        optional: true
      babel-plugin-react-compiler:
        optional: true
      sass:
        optional: true

  pako@0.2.9:
    resolution: {integrity: sha512-NUcwaKxUxWrZLpDG+z/xZaCgQITkA/Dv4V/T6bw7VON6l1Xz/VnrBqrYjZQ12TamKHzITTfOEIYUj48y2KXImA==}

  parse-css-color@0.2.1:
    resolution: {integrity: sha512-bwS/GGIFV3b6KS4uwpzCFj4w297Yl3uqnSgIPsoQkx7GMLROXfMnWvxfNkL0oh8HVhZA4hvJoEoEIqonfJ3BWg==}

  picocolors@1.1.1:
    resolution: {integrity: sha512-xceH2snhtb5M9liqDsmEw56le376mTZkEX/jEb/RxNFyegNul7eNslCXP9FDj/Lcu0X8KEyMceP2ntpaHrDEVA==}

  postcss-value-parser@4.2.0:
    resolution: {integrity: sha512-1NNCs6uurfkVbeXG4S8JFT9t19m45ICnif8zWLd5oPSZ50QnwMfK+H3jv408d4jw/7Bttv5axS5IiHoLaVNHeQ==}

  postcss@8.4.31:
    resolution: {integrity: sha512-PS08Iboia9mts/2ygV3eLpY5ghnUcfLV/EXTOW1E2qYxJKGGBUtNjN76FYHnMs36RmARn41bC0AZmn+rR0OVpQ==}
    engines: {node: ^10 || ^12 || >=14}

  postcss@8.5.20:
    resolution: {integrity: sha512-lW616l85ucIQL+FocMmL7pQFPqBmwejrCMg+iPxyImlrANNJG9NHq/RkyCZopDhd8C3LA03PHRJDjkbGu8vvug==}
    engines: {node: ^10 || ^12 || >=14}

  react-aria@3.50.0:
    resolution: {integrity: sha512-S0Os6QZk33fzUAKu1QLT9afoUaCBt1ZNdoiq0n2YMVgKIdNIQS8zxiZ8O9hYE6QyDkHKjD6q39LQZ+qaSAIgjw==}
    peerDependencies:
      react: ^16.8.0 || ^17.0.0-rc.1 || ^18.0.0 || ^19.0.0-rc.1
      react-dom: ^16.8.0 || ^17.0.0-rc.1 || ^18.0.0 || ^19.0.0-rc.1

  react-dom@19.2.7:
    resolution: {integrity: sha512-t0BRVXvbiE/o20Hfw669rLbMCDWtYZLvmJigy2f0MxsXF+71pxhR3xOkspmsO8h3ZlNzyibAmtCa3l4lYKk6gQ==}
    peerDependencies:
      react: ^19.2.7

  react-stately@3.48.0:
    resolution: {integrity: sha512-ImicSAG+lTotAe5izcs1fz49Zk48w7pDusqYg04WaPhCoej8BJ24soMu3iLXIrsi273s4P1gZrYGrqReMfgEEA==}
    peerDependencies:
      react: ^16.8.0 || ^17.0.0-rc.1 || ^18.0.0 || ^19.0.0-rc.1

  react@19.2.7:
    resolution: {integrity: sha512-HNe9WslTbXmFK8o8cmwgAeJFSBvt1bPdHCVKtaaV+WlAN36mpT4hcRpwbf3fY56ar2oIXzsBpOAiIRHAdY0OlQ==}
    engines: {node: '>=0.10.0'}

  satori@0.25.0:
    resolution: {integrity: sha512-utINfLxrYrmSnLvxFT4ZwgwWa8KOjrz7ans32V5wItgHVmzESl/9i33nE38uG0miycab8hUqQtDlOpqrIpB/iw==}
    engines: {node: '>=16'}

  scheduler@0.27.0:
    resolution: {integrity: sha512-eNv+WrVbKu1f3vbYJT/xtiF5syA5HPIMtf9IgY/nKg0sWqzAUEvqY/xm7OcZc/qafLx/iO9FgOmeSAp4v5ti/Q==}

  semver@7.8.5:
    resolution: {integrity: sha512-Y7/KDsb8LjooZpwaqGyulO6DQlksgCncchHGk+sZIY4SBvUocMBEFH5Ur1fI4dV+Jvl0w6cjvucaIi40puRioA==}
    engines: {node: '>=10'}
    hasBin: true

  sharp@0.34.5:
    resolution: {integrity: sha512-Ou9I5Ft9WNcCbXrU9cMgPBcCK8LiwLqcbywW3t4oDV37n1pzpuNLsYiAV8eODnjbtQlSDwZ2cUEeQz4E54Hltg==}
    engines: {node: ^18.17.0 || ^20.3.0 || >=21.0.0}

  source-map-js@1.2.1:
    resolution: {integrity: sha512-UXWMKhLOwVKb728IUtQPXxfYU+usdybtUrK/8uGE8CQMvrhOpwvzDBwj0QhSL7MQc7vIsISBG8VQ8+IDQxpfQA==}
    engines: {node: '>=0.10.0'}

  string.prototype.codepointat@0.2.1:
    resolution: {integrity: sha512-2cBVCj6I4IOvEnjgO/hWqXjqBGsY+zwPmHl12Srk9IXSZ56Jwwmy+66XO5Iut/oQVR7t5ihYdLB0GMa4alEUcg==}

  styled-jsx@5.1.6:
    resolution: {integrity: sha512-qSVyDTeMotdvQYoHWLNGwRFJHC+i+ZvdBRYosOFgC+Wg1vx4frN2/RG/NA7SYqqvKNLf39P2LSRA2pu6n0XYZA==}
    engines: {node: '>= 12.0.0'}
    peerDependencies:
      '@babel/core': '*'
      babel-plugin-macros: '*'
      react: '>= 16.8.0 || 17.x.x || ^18.0.0-0 || ^19.0.0-0'
    peerDependenciesMeta:
      '@babel/core':
        optional: true
      babel-plugin-macros:
        optional: true

  tabbable@6.5.0:
    resolution: {integrity: sha512-wieBHXygIm7OyQOu5hQlkk62/WyCFYGlWg7L6/ZCUZwx0o398Zkn4pVmMyfYhfMG8kGrj/Krt8eIk6UKC6VzwA==}

  tailwindcss@4.3.3:
    resolution: {integrity: sha512-gOhV3P7ufE62QDGg1zVaTgCR+EtPv92k2nIhVcVKcLmxT1sUBsQGhnZj175j+MqRt4zLF7ic+sCYjfhxMxj7YQ==}

  tapable@2.3.3:
    resolution: {integrity: sha512-uxc/zpqFg6x7C8vOE7lh6Lbda8eEL9zmVm/PLeTPBRhh1xCgdWaQ+J1CUieGpIfm2HdtsUpRv+HshiasBMcc6A==}
    engines: {node: '>=6'}

  tiny-inflate@1.0.3:
    resolution: {integrity: sha512-pkY1fj1cKHb2seWDy0B16HeWyczlJA9/WW3u3c4z/NiWDsO3DOU5D7nhTLE9CF0yXv/QZFY7sEJmj24dK+Rrqw==}

  tslib@2.8.1:
    resolution: {integrity: sha512-oJFu94HQb+KVduSUQL7wnpmqnfmLsOA/nAh6b6EH0wCEoK0/mPeXU6c3wKDV83MkOuHPRHtSXKKU99IBazS/2w==}

  typescript@6.0.3:
    resolution: {integrity: sha512-y2TvuxSZPDyQakkFRPZHKFm+KKVqIisdg9/CZwm9ftvKXLP8NRWj38/ODjNbr43SsoXqNuAisEf1GdCxqWcdBw==}
    engines: {node: '>=14.17'}
    hasBin: true

  undici-types@8.3.0:
    resolution: {integrity: sha512-j375ScV60dom+YkPFIfTLcOiPxkN/buHz5GobjLhixFuANaNs3C9l4GmrWqejgXWJ7BbJcFYpTEUkS1Ge8bpZQ==}

  unicode-trie@2.0.0:
    resolution: {integrity: sha512-x7bc76x0bm4prf1VLg79uhAzKw8DVboClSN5VxJuQ+LKDOVEW9CdH+VY7SP+vX7xCYQqzzgQpFqz15zeLvAtZQ==}

  use-sync-external-store@1.6.0:
    resolution: {integrity: sha512-Pp6GSwGP/NrPIrxVFAIkOQeyw8lFenOHijQWkUTrDvrF4ALqylP2C/KCkeS9dpUM3KvYRQhna5vt7IL95+ZQ9w==}
    peerDependencies:
      react: ^16.8.0 || ^17.0.0 || ^18.0.0 || ^19.0.0

  yoga-layout@3.2.1:
    resolution: {integrity: sha512-0LPOt3AxKqMdFBZA3HBAt/t/8vIKq7VaQYbuA8WxCgung+p9TVyKRYdpvCb80HcdTN2NkbIKbhNwKUfm3tQywQ==}

snapshots:

  '@alloc/quick-lru@5.2.0': {}

  '@emnapi/runtime@1.11.2':
    dependencies:
      tslib: 2.8.1
    optional: true

  '@floating-ui/core@1.8.0':
    dependencies:
      '@floating-ui/utils': 0.2.12

  '@floating-ui/dom@1.8.0':
    dependencies:
      '@floating-ui/core': 1.8.0
      '@floating-ui/utils': 0.2.12

  '@floating-ui/react-dom@2.1.9(react-dom@19.2.7(react@19.2.7))(react@19.2.7)':
    dependencies:
      '@floating-ui/dom': 1.8.0
      react: 19.2.7
      react-dom: 19.2.7(react@19.2.7)

  '@floating-ui/react@0.26.28(react-dom@19.2.7(react@19.2.7))(react@19.2.7)':
    dependencies:
      '@floating-ui/react-dom': 2.1.9(react-dom@19.2.7(react@19.2.7))(react@19.2.7)
      '@floating-ui/utils': 0.2.12
      react: 19.2.7
      react-dom: 19.2.7(react@19.2.7)
      tabbable: 6.5.0

  '@floating-ui/utils@0.2.12': {}

  '@headlessui/react@2.2.10(react-dom@19.2.7(react@19.2.7))(react@19.2.7)':
    dependencies:
      '@floating-ui/react': 0.26.28(react-dom@19.2.7(react@19.2.7))(react@19.2.7)
      '@react-aria/focus': 3.22.1(react-dom@19.2.7(react@19.2.7))(react@19.2.7)
      '@react-aria/interactions': 3.28.1(react-dom@19.2.7(react@19.2.7))(react@19.2.7)
      '@tanstack/react-virtual': 3.14.7(react-dom@19.2.7(react@19.2.7))(react@19.2.7)
      react: 19.2.7
      react-dom: 19.2.7(react@19.2.7)
      use-sync-external-store: 1.6.0(react@19.2.7)

  '@heroicons/react@2.2.0(react@19.2.7)':
    dependencies:
      react: 19.2.7

  '@img/colour@1.1.0':
    optional: true

  '@img/sharp-darwin-arm64@0.34.5':
    optionalDependencies:
      '@img/sharp-libvips-darwin-arm64': 1.2.4
    optional: true

  '@img/sharp-darwin-x64@0.34.5':
    optionalDependencies:
      '@img/sharp-libvips-darwin-x64': 1.2.4
    optional: true

  '@img/sharp-libvips-darwin-arm64@1.2.4':
    optional: true

  '@img/sharp-libvips-darwin-x64@1.2.4':
    optional: true

  '@img/sharp-libvips-linux-arm64@1.2.4':
    optional: true

  '@img/sharp-libvips-linux-arm@1.2.4':
    optional: true

  '@img/sharp-libvips-linux-ppc64@1.2.4':
    optional: true

  '@img/sharp-libvips-linux-riscv64@1.2.4':
    optional: true

  '@img/sharp-libvips-linux-s390x@1.2.4':
    optional: true

  '@img/sharp-libvips-linux-x64@1.2.4':
    optional: true

  '@img/sharp-libvips-linuxmusl-arm64@1.2.4':
    optional: true

  '@img/sharp-libvips-linuxmusl-x64@1.2.4':
    optional: true

  '@img/sharp-linux-arm64@0.34.5':
    optionalDependencies:
      '@img/sharp-libvips-linux-arm64': 1.2.4
    optional: true

  '@img/sharp-linux-arm@0.34.5':
    optionalDependencies:
      '@img/sharp-libvips-linux-arm': 1.2.4
    optional: true

  '@img/sharp-linux-ppc64@0.34.5':
    optionalDependencies:
      '@img/sharp-libvips-linux-ppc64': 1.2.4
    optional: true

  '@img/sharp-linux-riscv64@0.34.5':
    optionalDependencies:
      '@img/sharp-libvips-linux-riscv64': 1.2.4
    optional: true

  '@img/sharp-linux-s390x@0.34.5':
    optionalDependencies:
      '@img/sharp-libvips-linux-s390x': 1.2.4
    optional: true

  '@img/sharp-linux-x64@0.34.5':
    optionalDependencies:
      '@img/sharp-libvips-linux-x64': 1.2.4
    optional: true

  '@img/sharp-linuxmusl-arm64@0.34.5':
    optionalDependencies:
      '@img/sharp-libvips-linuxmusl-arm64': 1.2.4
    optional: true

  '@img/sharp-linuxmusl-x64@0.34.5':
    optionalDependencies:
      '@img/sharp-libvips-linuxmusl-x64': 1.2.4
    optional: true

  '@img/sharp-wasm32@0.34.5':
    dependencies:
      '@emnapi/runtime': 1.11.2
    optional: true

  '@img/sharp-win32-arm64@0.34.5':
    optional: true

  '@img/sharp-win32-ia32@0.34.5':
    optional: true

  '@img/sharp-win32-x64@0.34.5':
    optional: true

  '@internationalized/date@3.12.2':
    dependencies:
      '@swc/helpers': 0.5.23

  '@internationalized/number@3.6.7':
    dependencies:
      '@swc/helpers': 0.5.23

  '@internationalized/string@3.2.9':
    dependencies:
      '@swc/helpers': 0.5.23

  '@jridgewell/gen-mapping@0.3.13':
    dependencies:
      '@jridgewell/sourcemap-codec': 1.5.5
      '@jridgewell/trace-mapping': 0.3.31

  '@jridgewell/remapping@2.3.5':
    dependencies:
      '@jridgewell/gen-mapping': 0.3.13
      '@jridgewell/trace-mapping': 0.3.31

  '@jridgewell/resolve-uri@3.1.2': {}

  '@jridgewell/sourcemap-codec@1.5.5': {}

  '@jridgewell/trace-mapping@0.3.31':
    dependencies:
      '@jridgewell/resolve-uri': 3.1.2
      '@jridgewell/sourcemap-codec': 1.5.5

  '@next/env@16.2.10': {}

  '@next/swc-darwin-arm64@16.2.10':
    optional: true

  '@next/swc-darwin-x64@16.2.10':
    optional: true

  '@next/swc-linux-arm64-gnu@16.2.10':
    optional: true

  '@next/swc-linux-arm64-musl@16.2.10':
    optional: true

  '@next/swc-linux-x64-gnu@16.2.10':
    optional: true

  '@next/swc-linux-x64-musl@16.2.10':
    optional: true

  '@next/swc-win32-arm64-msvc@16.2.10':
    optional: true

  '@next/swc-win32-x64-msvc@16.2.10':
    optional: true

  '@react-aria/focus@3.22.1(react-dom@19.2.7(react@19.2.7))(react@19.2.7)':
    dependencies:
      '@swc/helpers': 0.5.23
      react: 19.2.7
      react-aria: 3.50.0(react-dom@19.2.7(react@19.2.7))(react@19.2.7)
      react-dom: 19.2.7(react@19.2.7)

  '@react-aria/interactions@3.28.1(react-dom@19.2.7(react@19.2.7))(react@19.2.7)':
    dependencies:
      '@react-types/shared': 3.36.0(react@19.2.7)
      '@swc/helpers': 0.5.23
      react: 19.2.7
      react-aria: 3.50.0(react-dom@19.2.7(react@19.2.7))(react@19.2.7)
      react-dom: 19.2.7(react@19.2.7)

  '@react-types/shared@3.36.0(react@19.2.7)':
    dependencies:
      react: 19.2.7

  '@resvg/resvg-wasm@2.4.0': {}

  '@shuding/opentype.js@1.4.0-beta.0':
    dependencies:
      fflate: 0.7.5
      string.prototype.codepointat: 0.2.1

  '@swc/helpers@0.5.15':
    dependencies:
      tslib: 2.8.1

  '@swc/helpers@0.5.23':
    dependencies:
      tslib: 2.8.1

  '@tailwindcss/forms@0.5.11(tailwindcss@4.3.3)':
    dependencies:
      mini-svg-data-uri: 1.4.4
      tailwindcss: 4.3.3

  '@tailwindcss/node@4.3.3':
    dependencies:
      '@jridgewell/remapping': 2.3.5
      enhanced-resolve: 5.24.3
      jiti: 2.7.0
      lightningcss: 1.32.0
      magic-string: 0.30.21
      source-map-js: 1.2.1
      tailwindcss: 4.3.3

  '@tailwindcss/oxide-android-arm64@4.3.3':
    optional: true

  '@tailwindcss/oxide-darwin-arm64@4.3.3':
    optional: true

  '@tailwindcss/oxide-darwin-x64@4.3.3':
    optional: true

  '@tailwindcss/oxide-freebsd-x64@4.3.3':
    optional: true

  '@tailwindcss/oxide-linux-arm-gnueabihf@4.3.3':
    optional: true

  '@tailwindcss/oxide-linux-arm64-gnu@4.3.3':
    optional: true

  '@tailwindcss/oxide-linux-arm64-musl@4.3.3':
    optional: true

  '@tailwindcss/oxide-linux-x64-gnu@4.3.3':
    optional: true

  '@tailwindcss/oxide-linux-x64-musl@4.3.3':
    optional: true

  '@tailwindcss/oxide-wasm32-wasi@4.3.3':
    optional: true

  '@tailwindcss/oxide-win32-arm64-msvc@4.3.3':
    optional: true

  '@tailwindcss/oxide-win32-x64-msvc@4.3.3':
    optional: true

  '@tailwindcss/oxide@4.3.3':
    optionalDependencies:
      '@tailwindcss/oxide-android-arm64': 4.3.3
      '@tailwindcss/oxide-darwin-arm64': 4.3.3
      '@tailwindcss/oxide-darwin-x64': 4.3.3
      '@tailwindcss/oxide-freebsd-x64': 4.3.3
      '@tailwindcss/oxide-linux-arm-gnueabihf': 4.3.3
      '@tailwindcss/oxide-linux-arm64-gnu': 4.3.3
      '@tailwindcss/oxide-linux-arm64-musl': 4.3.3
      '@tailwindcss/oxide-linux-x64-gnu': 4.3.3
      '@tailwindcss/oxide-linux-x64-musl': 4.3.3
      '@tailwindcss/oxide-wasm32-wasi': 4.3.3
      '@tailwindcss/oxide-win32-arm64-msvc': 4.3.3
      '@tailwindcss/oxide-win32-x64-msvc': 4.3.3

  '@tailwindcss/postcss@4.3.3':
    dependencies:
      '@alloc/quick-lru': 5.2.0
      '@tailwindcss/node': 4.3.3
      '@tailwindcss/oxide': 4.3.3
      postcss: 8.5.20
      tailwindcss: 4.3.3

  '@tanstack/react-virtual@3.14.7(react-dom@19.2.7(react@19.2.7))(react@19.2.7)':
    dependencies:
      '@tanstack/virtual-core': 3.17.5
      react: 19.2.7
      react-dom: 19.2.7(react@19.2.7)

  '@tanstack/virtual-core@3.17.5': {}

  '@types/node@26.1.1':
    dependencies:
      undici-types: 8.3.0

  '@types/react-dom@19.2.3(@types/react@19.2.17)':
    dependencies:
      '@types/react': 19.2.17

  '@types/react@19.2.17':
    dependencies:
      csstype: 3.2.3

  '@vercel/og@0.11.1':
    dependencies:
      '@resvg/resvg-wasm': 2.4.0
      satori: 0.25.0
    optionalDependencies:
      sharp: 0.34.5

  aria-hidden@1.2.6:
    dependencies:
      tslib: 2.8.1

  base64-js@0.0.8: {}

  baseline-browser-mapping@2.10.44: {}

  camelize@1.0.1: {}

  caniuse-lite@1.0.30001806: {}

  client-only@0.0.1: {}

  clsx@2.1.1: {}

  color-name@1.1.4: {}

  css-background-parser@0.1.0: {}

  css-box-shadow@1.0.0-3: {}

  css-color-keywords@1.0.0: {}

  css-gradient-parser@0.0.17: {}

  css-to-react-native@3.2.0:
    dependencies:
      camelize: 1.0.1
      css-color-keywords: 1.0.0
      postcss-value-parser: 4.2.0

  csstype@3.2.3: {}

  detect-libc@2.1.2: {}

  emoji-regex-xs@2.0.1: {}

  enhanced-resolve@5.24.3:
    dependencies:
      graceful-fs: 4.2.11
      tapable: 2.3.3

  escape-html@1.0.3: {}

  fflate@0.7.5: {}

  graceful-fs@4.2.11: {}

  hex-rgb@4.3.0: {}

  jiti@2.7.0: {}

  lightningcss-android-arm64@1.32.0:
    optional: true

  lightningcss-darwin-arm64@1.32.0:
    optional: true

  lightningcss-darwin-x64@1.32.0:
    optional: true

  lightningcss-freebsd-x64@1.32.0:
    optional: true

  lightningcss-linux-arm-gnueabihf@1.32.0:
    optional: true

  lightningcss-linux-arm64-gnu@1.32.0:
    optional: true

  lightningcss-linux-arm64-musl@1.32.0:
    optional: true

  lightningcss-linux-x64-gnu@1.32.0:
    optional: true

  lightningcss-linux-x64-musl@1.32.0:
    optional: true

  lightningcss-win32-arm64-msvc@1.32.0:
    optional: true

  lightningcss-win32-x64-msvc@1.32.0:
    optional: true

  lightningcss@1.32.0:
    dependencies:
      detect-libc: 2.1.2
    optionalDependencies:
      lightningcss-android-arm64: 1.32.0
      lightningcss-darwin-arm64: 1.32.0
      lightningcss-darwin-x64: 1.32.0
      lightningcss-freebsd-x64: 1.32.0
      lightningcss-linux-arm-gnueabihf: 1.32.0
      lightningcss-linux-arm64-gnu: 1.32.0
      lightningcss-linux-arm64-musl: 1.32.0
      lightningcss-linux-x64-gnu: 1.32.0
      lightningcss-linux-x64-musl: 1.32.0
      lightningcss-win32-arm64-msvc: 1.32.0
      lightningcss-win32-x64-msvc: 1.32.0

  linebreak@1.1.0:
    dependencies:
      base64-js: 0.0.8
      unicode-trie: 2.0.0

  magic-string@0.30.21:
    dependencies:
      '@jridgewell/sourcemap-codec': 1.5.5

  mini-svg-data-uri@1.4.4: {}

  nanoid@3.3.16: {}

  next@16.2.10(react-dom@19.2.7(react@19.2.7))(react@19.2.7):
    dependencies:
      '@next/env': 16.2.10
      '@swc/helpers': 0.5.15
      baseline-browser-mapping: 2.10.44
      caniuse-lite: 1.0.30001806
      postcss: 8.4.31
      react: 19.2.7
      react-dom: 19.2.7(react@19.2.7)
      styled-jsx: 5.1.6(react@19.2.7)
    optionalDependencies:
      '@next/swc-darwin-arm64': 16.2.10
      '@next/swc-darwin-x64': 16.2.10
      '@next/swc-linux-arm64-gnu': 16.2.10
      '@next/swc-linux-arm64-musl': 16.2.10
      '@next/swc-linux-x64-gnu': 16.2.10
      '@next/swc-linux-x64-musl': 16.2.10
      '@next/swc-win32-arm64-msvc': 16.2.10
      '@next/swc-win32-x64-msvc': 16.2.10
      sharp: 0.34.5
    transitivePeerDependencies:
      - '@babel/core'
      - babel-plugin-macros

  pako@0.2.9: {}

  parse-css-color@0.2.1:
    dependencies:
      color-name: 1.1.4
      hex-rgb: 4.3.0

  picocolors@1.1.1: {}

  postcss-value-parser@4.2.0: {}

  postcss@8.4.31:
    dependencies:
      nanoid: 3.3.16
      picocolors: 1.1.1
      source-map-js: 1.2.1

  postcss@8.5.20:
    dependencies:
      nanoid: 3.3.16
      picocolors: 1.1.1
      source-map-js: 1.2.1

  react-aria@3.50.0(react-dom@19.2.7(react@19.2.7))(react@19.2.7):
    dependencies:
      '@internationalized/date': 3.12.2
      '@internationalized/number': 3.6.7
      '@internationalized/string': 3.2.9
      '@react-types/shared': 3.36.0(react@19.2.7)
      '@swc/helpers': 0.5.23
      aria-hidden: 1.2.6
      clsx: 2.1.1
      react: 19.2.7
      react-dom: 19.2.7(react@19.2.7)
      react-stately: 3.48.0(react@19.2.7)
      use-sync-external-store: 1.6.0(react@19.2.7)

  react-dom@19.2.7(react@19.2.7):
    dependencies:
      react: 19.2.7
      scheduler: 0.27.0

  react-stately@3.48.0(react@19.2.7):
    dependencies:
      '@internationalized/date': 3.12.2
      '@internationalized/number': 3.6.7
      '@internationalized/string': 3.2.9
      '@react-types/shared': 3.36.0(react@19.2.7)
      '@swc/helpers': 0.5.23
      react: 19.2.7
      use-sync-external-store: 1.6.0(react@19.2.7)

  react@19.2.7: {}

  satori@0.25.0:
    dependencies:
      '@shuding/opentype.js': 1.4.0-beta.0
      css-background-parser: 0.1.0
      css-box-shadow: 1.0.0-3
      css-gradient-parser: 0.0.17
      css-to-react-native: 3.2.0
      emoji-regex-xs: 2.0.1
      escape-html: 1.0.3
      linebreak: 1.1.0
      parse-css-color: 0.2.1
      postcss-value-parser: 4.2.0
      yoga-layout: 3.2.1

  scheduler@0.27.0: {}

  semver@7.8.5:
    optional: true

  sharp@0.34.5:
    dependencies:
      '@img/colour': 1.1.0
      detect-libc: 2.1.2
      semver: 7.8.5
    optionalDependencies:
      '@img/sharp-darwin-arm64': 0.34.5
      '@img/sharp-darwin-x64': 0.34.5
      '@img/sharp-libvips-darwin-arm64': 1.2.4
      '@img/sharp-libvips-darwin-x64': 1.2.4
      '@img/sharp-libvips-linux-arm': 1.2.4
      '@img/sharp-libvips-linux-arm64': 1.2.4
      '@img/sharp-libvips-linux-ppc64': 1.2.4
      '@img/sharp-libvips-linux-riscv64': 1.2.4
      '@img/sharp-libvips-linux-s390x': 1.2.4
      '@img/sharp-libvips-linux-x64': 1.2.4
      '@img/sharp-libvips-linuxmusl-arm64': 1.2.4
      '@img/sharp-libvips-linuxmusl-x64': 1.2.4
      '@img/sharp-linux-arm': 0.34.5
      '@img/sharp-linux-arm64': 0.34.5
      '@img/sharp-linux-ppc64': 0.34.5
      '@img/sharp-linux-riscv64': 0.34.5
      '@img/sharp-linux-s390x': 0.34.5
      '@img/sharp-linux-x64': 0.34.5
      '@img/sharp-linuxmusl-arm64': 0.34.5
      '@img/sharp-linuxmusl-x64': 0.34.5
      '@img/sharp-wasm32': 0.34.5
      '@img/sharp-win32-arm64': 0.34.5
      '@img/sharp-win32-ia32': 0.34.5
      '@img/sharp-win32-x64': 0.34.5
    optional: true

  source-map-js@1.2.1: {}

  string.prototype.codepointat@0.2.1: {}

  styled-jsx@5.1.6(react@19.2.7):
    dependencies:
      client-only: 0.0.1
      react: 19.2.7

  tabbable@6.5.0: {}

  tailwindcss@4.3.3: {}

  tapable@2.3.3: {}

  tiny-inflate@1.0.3: {}

  tslib@2.8.1: {}

  typescript@6.0.3: {}

  undici-types@8.3.0: {}

  unicode-trie@2.0.0:
    dependencies:
      pako: 0.2.9
      tiny-inflate: 1.0.3

  use-sync-external-store@1.6.0(react@19.2.7):
    dependencies:
      react: 19.2.7

  yoga-layout@3.2.1: {}
